// !$*UTF8*$!
{
	archiveVersion = 1;
	classes = {
	};
	objectVersion = 56;
	objects = {

/* Begin PBXBuildFile section */
		C52360CA2B24B1A5006FDF9F /* HttpHandler.swift in Sources */ = {isa = PBXBuildFile; fileRef = C52360C92B24B1A5006FDF9F /* HttpHandler.swift */; };
		C52360CD2B24B225006FDF9F /* ErrorHandler.swift in Sources */ = {isa = PBXBuildFile; fileRef = C52360CC2B24B225006FDF9F /* ErrorHandler.swift */; };
		C52360CF2B24B6D7006FDF9F /* CurrentWeatherDataModel.swift in Sources */ = {isa = PBXBuildFile; fileRef = C52360CE2B24B6D7006FDF9F /* CurrentWeatherDataModel.swift */; };
		C52360D12B24B739006FDF9F /* IRepository.swift in Sources */ = {isa = PBXBuildFile; fileRef = C52360D02B24B739006FDF9F /* IRepository.swift */; };
		C52360D32B24B858006FDF9F /* Repository_Impl.swift in Sources */ = {isa = PBXBuildFile; fileRef = C52360D22B24B858006FDF9F /* Repository_Impl.swift */; };
		C52360D62B24B9C0006FDF9F /* Const.swift in Sources */ = {isa = PBXBuildFile; fileRef = C52360D52B24B9C0006FDF9F /* Const.swift */; };
		C52360D82B24BE3C006FDF9F /* CurrentWeatherUseCase.swift in Sources */ = {isa = PBXBuildFile; fileRef = C52360D72B24BE3C006FDF9F /* CurrentWeatherUseCase.swift */; };
		C52360DC2B24BF89006FDF9F /* CurrentViewModel.swift in Sources */ = {isa = PBXBuildFile; fileRef = C52360DB2B24BF89006FDF9F /* CurrentViewModel.swift */; };
		C52360DE2B24C3F1006FDF9F /* MainWeatherUIView.swift in Sources */ = {isa = PBXBuildFile; fileRef = C52360DD2B24C3F1006FDF9F /* MainWeatherUIView.swift */; };
		C52360E02B25279D006FDF9F /* ForcastWeatherModel.swift in Sources */ = {isa = PBXBuildFile; fileRef = C52360DF2B25279D006FDF9F /* ForcastWeatherModel.swift */; };
		C52360E22B252999006FDF9F /* SearchWeatherModel.swift in Sources */ = {isa = PBXBuildFile; fileRef = C52360E12B252999006FDF9F /* SearchWeatherModel.swift */; };
		C52360E42B2530AF006FDF9F /* ForcastWeatherUseCase.swift in Sources */ = {isa = PBXBuildFile; fileRef = C52360E32B2530AF006FDF9F /* ForcastWeatherUseCase.swift */; };
		C52360E62B25316E006FDF9F /* SearchWeatherUseCase.swift in Sources */ = {isa = PBXBuildFile; fileRef = C52360E52B25316E006FDF9F /* SearchWeatherUseCase.swift */; };
		C54269EA2B290E8A009F2AEF /* BlurView.swift in Sources */ = {isa = PBXBuildFile; fileRef = C54269E92B290E8A009F2AEF /* BlurView.swift */; };
		C54269EC2B291F1B009F2AEF /* ConvertorTemp.swift in Sources */ = {isa = PBXBuildFile; fileRef = C54269EB2B291F1B009F2AEF /* ConvertorTemp.swift */; };
		C54269EF2B2927EB009F2AEF /* HourlyView.swift in Sources */ = {isa = PBXBuildFile; fileRef = C54269EE2B2927EB009F2AEF /* HourlyView.swift */; };
		C54269F12B293019009F2AEF /* HourlyItem.swift in Sources */ = {isa = PBXBuildFile; fileRef = C54269F02B293019009F2AEF /* HourlyItem.swift */; };
		C54269F52B293D74009F2AEF /* DailyView.swift in Sources */ = {isa = PBXBuildFile; fileRef = C54269F42B293D74009F2AEF /* DailyView.swift */; };
		C564BA862B28BFE600A8ABFC /* UserLocation.swift in Sources */ = {isa = PBXBuildFile; fileRef = C564BA852B28BFE600A8ABFC /* UserLocation.swift */; };
		C564BA892B28D81600A8ABFC /* Home.swift in Sources */ = {isa = PBXBuildFile; fileRef = C564BA882B28D81600A8ABFC /* Home.swift */; };
		C569ED4F2B2BBD1D00623FB6 /* DetailWeatherViewModel.swift in Sources */ = {isa = PBXBuildFile; fileRef = C569ED4E2B2BBD1D00623FB6 /* DetailWeatherViewModel.swift */; };
		C599E6AD2B2A5789007D88F3 /* SearchBar.swift in Sources */ = {isa = PBXBuildFile; fileRef = C599E6AC2B2A5789007D88F3 /* SearchBar.swift */; };
		C599E6AF2B2A5B1B007D88F3 /* SearchViewModel.swift in Sources */ = {isa = PBXBuildFile; fileRef = C599E6AE2B2A5B1B007D88F3 /* SearchViewModel.swift */; };
		C599E6B22B2A8258007D88F3 /* SearchView.swift in Sources */ = {isa = PBXBuildFile; fileRef = C599E6B12B2A8258007D88F3 /* SearchView.swift */; };
		C599E6B52B2A84C9007D88F3 /* CityDetailView.swift in Sources */ = {isa = PBXBuildFile; fileRef = C599E6B42B2A84C9007D88F3 /* CityDetailView.swift */; };
		C5DC98272B228ABC002558EF /* weather_appApp.swift in Sources */ = {isa = PBXBuildFile; fileRef = C5DC98262B228ABC002558EF /* weather_appApp.swift */; };
		C5DC98292B228ABC002558EF /* ContentView.swift in Sources */ = {isa = PBXBuildFile; fileRef = C5DC98282B228ABC002558EF /* ContentView.swift */; };
		C5DC982B2B228ABC002558EF /* Item.swift in Sources */ = {isa = PBXBuildFile; fileRef = C5DC982A2B228ABC002558EF /* Item.swift */; };
		C5DC982D2B228ABD002558EF /* Assets.xcassets in Resources */ = {isa = PBXBuildFile; fileRef = C5DC982C2B228ABD002558EF /* Assets.xcassets */; };
		C5DC98302B228ABD002558EF /* Preview Assets.xcassets in Resources */ = {isa = PBXBuildFile; fileRef = C5DC982F2B228ABD002558EF /* Preview Assets.xcassets */; };
		C5DC983A2B228ABD002558EF /* weather_appTests.swift in Sources */ = {isa = PBXBuildFile; fileRef = C5DC98392B228ABD002558EF /* weather_appTests.swift */; };
		C5DC98442B228ABD002558EF /* weather_appUITests.swift in Sources */ = {isa = PBXBuildFile; fileRef = C5DC98432B228ABD002558EF /* weather_appUITests.swift */; };
		C5DC98462B228ABD002558EF /* weather_appUITestsLaunchTests.swift in Sources */ = {isa = PBXBuildFile; fileRef = C5DC98452B228ABD002558EF /* weather_appUITestsLaunchTests.swift */; };
/* End PBXBuildFile section */

/* Begin PBXContainerItemProxy section */
		C5DC98362B228ABD002558EF /* PBXContainerItemProxy */ = {
			isa = PBXContainerItemProxy;
			containerPortal = C5DC981B2B228ABC002558EF /* Project object */;
			proxyType = 1;
			remoteGlobalIDString = C5DC98222B228ABC002558EF;
			remoteInfo = weather_app;
		};
		C5DC98402B228ABD002558EF /* PBXContainerItemProxy */ = {
			isa = PBXContainerItemProxy;
			containerPortal = C5DC981B2B228ABC002558EF /* Project object */;
			proxyType = 1;
			remoteGlobalIDString = C5DC98222B228ABC002558EF;
			remoteInfo = weather_app;
		};
/* End PBXContainerItemProxy section */

/* Begin PBXFileReference section */
		C52360C92B24B1A5006FDF9F /* HttpHandler.swift */ = {isa = PBXFileReference; lastKnownFileType = sourcecode.swift; path = HttpHandler.swift; sourceTree = "<group>"; };
		C52360CC2B24B225006FDF9F /* ErrorHandler.swift */ = {isa = PBXFileReference; lastKnownFileType = sourcecode.swift; path = ErrorHandler.swift; sourceTree = "<group>"; };
		C52360CE2B24B6D7006FDF9F /* CurrentWeatherDataModel.swift */ = {isa = PBXFileReference; lastKnownFileType = sourcecode.swift; path = CurrentWeatherDataModel.swift; sourceTree = "<group>"; };
		C52360D02B24B739006FDF9F /* IRepository.swift */ = {isa = PBXFileReference; lastKnownFileType = sourcecode.swift; path = IRepository.swift; sourceTree = "<group>"; };
		C52360D22B24B858006FDF9F /* Repository_Impl.swift */ = {isa = PBXFileReference; lastKnownFileType = sourcecode.swift; path = Repository_Impl.swift; sourceTree = "<group>"; };
		C52360D52B24B9C0006FDF9F /* Const.swift */ = {isa = PBXFileReference; lastKnownFileType = sourcecode.swift; path = Const.swift; sourceTree = "<group>"; };
		C52360D72B24BE3C006FDF9F /* CurrentWeatherUseCase.swift */ = {isa = PBXFileReference; lastKnownFileType = sourcecode.swift; path = CurrentWeatherUseCase.swift; sourceTree = "<group>"; };
		C52360DB2B24BF89006FDF9F /* CurrentViewModel.swift */ = {isa = PBXFileReference; lastKnownFileType = sourcecode.swift; path = CurrentViewModel.swift; sourceTree = "<group>"; };
		C52360DD2B24C3F1006FDF9F /* MainWeatherUIView.swift */ = {isa = PBXFileReference; lastKnownFileType = sourcecode.swift; path = MainWeatherUIView.swift; sourceTree = "<group>"; };
		C52360DF2B25279D006FDF9F /* ForcastWeatherModel.swift */ = {isa = PBXFileReference; lastKnownFileType = sourcecode.swift; path = ForcastWeatherModel.swift; sourceTree = "<group>"; };
		C52360E12B252999006FDF9F /* SearchWeatherModel.swift */ = {isa = PBXFileReference; lastKnownFileType = sourcecode.swift; path = SearchWeatherModel.swift; sourceTree = "<group>"; };
		C52360E32B2530AF006FDF9F /* ForcastWeatherUseCase.swift */ = {isa = PBXFileReference; lastKnownFileType = sourcecode.swift; path = ForcastWeatherUseCase.swift; sourceTree = "<group>"; };
		C52360E52B25316E006FDF9F /* SearchWeatherUseCase.swift */ = {isa = PBXFileReference; lastKnownFileType = sourcecode.swift; path = SearchWeatherUseCase.swift; sourceTree = "<group>"; };
		C54269E92B290E8A009F2AEF /* BlurView.swift */ = {isa = PBXFileReference; lastKnownFileType = sourcecode.swift; path = BlurView.swift; sourceTree = "<group>"; };
		C54269EB2B291F1B009F2AEF /* ConvertorTemp.swift */ = {isa = PBXFileReference; lastKnownFileType = sourcecode.swift; path = ConvertorTemp.swift; sourceTree = "<group>"; };
		C54269EE2B2927EB009F2AEF /* HourlyView.swift */ = {isa = PBXFileReference; lastKnownFileType = sourcecode.swift; path = HourlyView.swift; sourceTree = "<group>"; };
		C54269F02B293019009F2AEF /* HourlyItem.swift */ = {isa = PBXFileReference; lastKnownFileType = sourcecode.swift; path = HourlyItem.swift; sourceTree = "<group>"; };
		C54269F42B293D74009F2AEF /* DailyView.swift */ = {isa = PBXFileReference; lastKnownFileType = sourcecode.swift; path = DailyView.swift; sourceTree = "<group>"; };
		C564BA852B28BFE600A8ABFC /* UserLocation.swift */ = {isa = PBXFileReference; lastKnownFileType = sourcecode.swift; path = UserLocation.swift; sourceTree = "<group>"; };
		C564BA882B28D81600A8ABFC /* Home.swift */ = {isa = PBXFileReference; lastKnownFileType = sourcecode.swift; path = Home.swift; sourceTree = "<group>"; };
		C569ED4E2B2BBD1D00623FB6 /* DetailWeatherViewModel.swift */ = {isa = PBXFileReference; lastKnownFileType = sourcecode.swift; path = DetailWeatherViewModel.swift; sourceTree = "<group>"; };
		C599E6AC2B2A5789007D88F3 /* SearchBar.swift */ = {isa = PBXFileReference; lastKnownFileType = sourcecode.swift; path = SearchBar.swift; sourceTree = "<group>"; };
		C599E6AE2B2A5B1B007D88F3 /* SearchViewModel.swift */ = {isa = PBXFileReference; lastKnownFileType = sourcecode.swift; path = SearchViewModel.swift; sourceTree = "<group>"; };
		C599E6B12B2A8258007D88F3 /* SearchView.swift */ = {isa = PBXFileReference; lastKnownFileType = sourcecode.swift; path = SearchView.swift; sourceTree = "<group>"; };
		C599E6B42B2A84C9007D88F3 /* CityDetailView.swift */ = {isa = PBXFileReference; lastKnownFileType = sourcecode.swift; path = CityDetailView.swift; sourceTree = "<group>"; };
		C5DC98232B228ABC002558EF /* weather_app.app */ = {isa = PBXFileReference; explicitFileType = wrapper.application; includeInIndex = 0; path = weather_app.app; sourceTree = BUILT_PRODUCTS_DIR; };
		C5DC98262B228ABC002558EF /* weather_appApp.swift */ = {isa = PBXFileReference; lastKnownFileType = sourcecode.swift; path = weather_appApp.swift; sourceTree = "<group>"; };
		C5DC98282B228ABC002558EF /* ContentView.swift */ = {isa = PBXFileReference; lastKnownFileType = sourcecode.swift; path = ContentView.swift; sourceTree = "<group>"; };
		C5DC982A2B228ABC002558EF /* Item.swift */ = {isa = PBXFileReference; lastKnownFileType = sourcecode.swift; path = Item.swift; sourceTree = "<group>"; };
		C5DC982C2B228ABD002558EF /* Assets.xcassets */ = {isa = PBXFileReference; lastKnownFileType = folder.assetcatalog; path = Assets.xcassets; sourceTree = "<group>"; };
		C5DC982F2B228ABD002558EF /* Preview Assets.xcassets */ = {isa = PBXFileReference; lastKnownFileType = folder.assetcatalog; path = "Preview Assets.xcassets"; sourceTree = "<group>"; };
		C5DC98352B228ABD002558EF /* weather_appTests.xctest */ = {isa = PBXFileReference; explicitFileType = wrapper.cfbundle; includeInIndex = 0; path = weather_appTests.xctest; sourceTree = BUILT_PRODUCTS_DIR; };
		C5DC98392B228ABD002558EF /* weather_appTests.swift */ = {isa = PBXFileReference; lastKnownFileType = sourcecode.swift; path = weather_appTests.swift; sourceTree = "<group>"; };
		C5DC983F2B228ABD002558EF /* weather_appUITests.xctest */ = {isa = PBXFileReference; explicitFileType = wrapper.cfbundle; includeInIndex = 0; path = weather_appUITests.xctest; sourceTree = BUILT_PRODUCTS_DIR; };
		C5DC98432B228ABD002558EF /* weather_appUITests.swift */ = {isa = PBXFileReference; lastKnownFileType = sourcecode.swift; path = weather_appUITests.swift; sourceTree = "<group>"; };
		C5DC98452B228ABD002558EF /* weather_appUITestsLaunchTests.swift */ = {isa = PBXFileReference; lastKnownFileType = sourcecode.swift; path = weather_appUITestsLaunchTests.swift; sourceTree = "<group>"; };
/* End PBXFileReference section */

/* Begin PBXFrameworksBuildPhase section */
		C5DC98202B228ABC002558EF /* Frameworks */ = {
			isa = PBXFrameworksBuildPhase;
			buildActionMask = 2147483647;
			files = (
			);
			runOnlyForDeploymentPostprocessing = 0;
		};
		C5DC98322B228ABD002558EF /* Frameworks */ = {
			isa = PBXFrameworksBuildPhase;
			buildActionMask = 2147483647;
			files = (
			);
			runOnlyForDeploymentPostprocessing = 0;
		};
		C5DC983C2B228ABD002558EF /* Frameworks */ = {
			isa = PBXFrameworksBuildPhase;
			buildActionMask = 2147483647;
			files = (
			);
			runOnlyForDeploymentPostprocessing = 0;
		};
/* End PBXFrameworksBuildPhase section */

/* Begin PBXGroup section */
		C52360BD2B24AC29006FDF9F /* Data */ = {
			isa = PBXGroup;
			children = (
				C52360C62B24B13C006FDF9F /* Services */,
				C52360C52B24B125006FDF9F /* Repository */,
			);
			path = Data;
			sourceTree = "<group>";
		};
		C52360BE2B24AC55006FDF9F /* Domain */ = {
			isa = PBXGroup;
			children = (
				C52360C42B24AD2F006FDF9F /* Usecase */,
				C52360C32B24AD25006FDF9F /* Models */,
				C52360C22B24AD11006FDF9F /* Repository */,
			);
			path = Domain;
			sourceTree = "<group>";
		};
		C52360BF2B24AC5D006FDF9F /* Presentation */ = {
			isa = PBXGroup;
			children = (
				C564BA842B28BFA700A8ABFC /* Internal */,
				C52360DA2B24BF55006FDF9F /* ViewModel */,
				C5DC98262B228ABC002558EF /* weather_appApp.swift */,
				C52360C12B24AC94006FDF9F /* Helpers */,
				C52360C02B24AC89006FDF9F /* Views */,
			);
			path = Presentation;
			sourceTree = "<group>";
		};
		C52360C02B24AC89006FDF9F /* Views */ = {
			isa = PBXGroup;
			children = (
				C599E6B32B2A8480007D88F3 /* CityDetailView */,
				C599E6B02B2A8231007D88F3 /* Search */,
				C54269F62B293D7E009F2AEF /* DailyView */,
				C54269ED2B2927B4009F2AEF /* HourView */,
				C564BA872B28D7DF00A8ABFC /* Home */,
				C52360D92B24BF2A006FDF9F /* MainView */,
				C5DC98282B228ABC002558EF /* ContentView.swift */,
			);
			path = Views;
			sourceTree = "<group>";
		};
		C52360C12B24AC94006FDF9F /* Helpers */ = {
			isa = PBXGroup;
			children = (
				C54269E92B290E8A009F2AEF /* BlurView.swift */,
				C54269EB2B291F1B009F2AEF /* ConvertorTemp.swift */,
				C599E6AC2B2A5789007D88F3 /* SearchBar.swift */,
			);
			path = Helpers;
			sourceTree = "<group>";
		};
		C52360C22B24AD11006FDF9F /* Repository */ = {
			isa = PBXGroup;
			children = (
				C52360D02B24B739006FDF9F /* IRepository.swift */,
			);
			path = Repository;
			sourceTree = "<group>";
		};
		C52360C32B24AD25006FDF9F /* Models */ = {
			isa = PBXGroup;
			children = (
				C5DC982A2B228ABC002558EF /* Item.swift */,
				C52360CE2B24B6D7006FDF9F /* CurrentWeatherDataModel.swift */,
				C52360DF2B25279D006FDF9F /* ForcastWeatherModel.swift */,
				C52360E12B252999006FDF9F /* SearchWeatherModel.swift */,
			);
			path = Models;
			sourceTree = "<group>";
		};
		C52360C42B24AD2F006FDF9F /* Usecase */ = {
			isa = PBXGroup;
			children = (
				C52360D72B24BE3C006FDF9F /* CurrentWeatherUseCase.swift */,
				C52360E32B2530AF006FDF9F /* ForcastWeatherUseCase.swift */,
				C52360E52B25316E006FDF9F /* SearchWeatherUseCase.swift */,
			);
			path = Usecase;
			sourceTree = "<group>";
		};
		C52360C52B24B125006FDF9F /* Repository */ = {
			isa = PBXGroup;
			children = (
				C52360D22B24B858006FDF9F /* Repository_Impl.swift */,
			);
			path = Repository;
			sourceTree = "<group>";
		};
		C52360C62B24B13C006FDF9F /* Services */ = {
			isa = PBXGroup;
			children = (
				C52360D42B24B984006FDF9F /* Core */,
				C52360CB2B24B20A006FDF9F /* Error */,
				C52360C82B24B17D006FDF9F /* Socket */,
				C52360C72B24B172006FDF9F /* Http */,
			);
			path = Services;
			sourceTree = "<group>";
		};
		C52360C72B24B172006FDF9F /* Http */ = {
			isa = PBXGroup;
			children = (
				C52360C92B24B1A5006FDF9F /* HttpHandler.swift */,
			);
			path = Http;
			sourceTree = "<group>";
		};
		C52360C82B24B17D006FDF9F /* Socket */ = {
			isa = PBXGroup;
			children = (
			);
			path = Socket;
			sourceTree = "<group>";
		};
		C52360CB2B24B20A006FDF9F /* Error */ = {
			isa = PBXGroup;
			children = (
				C52360CC2B24B225006FDF9F /* ErrorHandler.swift */,
			);
			path = Error;
			sourceTree = "<group>";
		};
		C52360D42B24B984006FDF9F /* Core */ = {
			isa = PBXGroup;
			children = (
				C52360D52B24B9C0006FDF9F /* Const.swift */,
			);
			path = Core;
			sourceTree = "<group>";
		};
		C52360D92B24BF2A006FDF9F /* MainView */ = {
			isa = PBXGroup;
			children = (
				C52360DD2B24C3F1006FDF9F /* MainWeatherUIView.swift */,
			);
			path = MainView;
			sourceTree = "<group>";
		};
		C52360DA2B24BF55006FDF9F /* ViewModel */ = {
			isa = PBXGroup;
			children = (
				C52360DB2B24BF89006FDF9F /* CurrentViewModel.swift */,
				C599E6AE2B2A5B1B007D88F3 /* SearchViewModel.swift */,
				C569ED4E2B2BBD1D00623FB6 /* DetailWeatherViewModel.swift */,
			);
			path = ViewModel;
			sourceTree = "<group>";
		};
		C54269ED2B2927B4009F2AEF /* HourView */ = {
			isa = PBXGroup;
			children = (
				C54269EE2B2927EB009F2AEF /* HourlyView.swift */,
				C54269F02B293019009F2AEF /* HourlyItem.swift */,
			);
			path = HourView;
			sourceTree = "<group>";
		};
		C54269F62B293D7E009F2AEF /* DailyView */ = {
			isa = PBXGroup;
			children = (
				C54269F42B293D74009F2AEF /* DailyView.swift */,
			);
			path = DailyView;
			sourceTree = "<group>";
		};
		C564BA842B28BFA700A8ABFC /* Internal */ = {
			isa = PBXGroup;
			children = (
				C564BA852B28BFE600A8ABFC /* UserLocation.swift */,
			);
			path = Internal;
			sourceTree = "<group>";
		};
		C564BA872B28D7DF00A8ABFC /* Home */ = {
			isa = PBXGroup;
			children = (
				C564BA882B28D81600A8ABFC /* Home.swift */,
			);
			path = Home;
			sourceTree = "<group>";
		};
		C599E6B02B2A8231007D88F3 /* Search */ = {
			isa = PBXGroup;
			children = (
				C599E6B12B2A8258007D88F3 /* SearchView.swift */,
			);
			path = Search;
			sourceTree = "<group>";
		};
		C599E6B32B2A8480007D88F3 /* CityDetailView */ = {
			isa = PBXGroup;
			children = (
				C599E6B42B2A84C9007D88F3 /* CityDetailView.swift */,
			);
			path = CityDetailView;
			sourceTree = "<group>";
		};
		C5DC981A2B228ABC002558EF = {
			isa = PBXGroup;
			children = (
				C5DC98252B228ABC002558EF /* weather_app */,
				C5DC98382B228ABD002558EF /* weather_appTests */,
				C5DC98422B228ABD002558EF /* weather_appUITests */,
				C5DC98242B228ABC002558EF /* Products */,
			);
			sourceTree = "<group>";
		};
		C5DC98242B228ABC002558EF /* Products */ = {
			isa = PBXGroup;
			children = (
				C5DC98232B228ABC002558EF /* weather_app.app */,
				C5DC98352B228ABD002558EF /* weather_appTests.xctest */,
				C5DC983F2B228ABD002558EF /* weather_appUITests.xctest */,
			);
			name = Products;
			sourceTree = "<group>";
		};
		C5DC98252B228ABC002558EF /* weather_app */ = {
			isa = PBXGroup;
			children = (
				C5DC982E2B228ABD002558EF /* Preview Content */,
				C5DC982C2B228ABD002558EF /* Assets.xcassets */,
				C52360BF2B24AC5D006FDF9F /* Presentation */,
				C52360BE2B24AC55006FDF9F /* Domain */,
				C52360BD2B24AC29006FDF9F /* Data */,
			);
			path = weather_app;
			sourceTree = "<group>";
		};
		C5DC982E2B228ABD002558EF /* Preview Content */ = {
			isa = PBXGroup;
			children = (
				C5DC982F2B228ABD002558EF /* Preview Assets.xcassets */,
			);
			path = "Preview Content";
			sourceTree = "<group>";
		};
		C5DC98382B228ABD002558EF /* weather_appTests */ = {
			isa = PBXGroup;
			children = (
				C5DC98392B228ABD002558EF /* weather_appTests.swift */,
			);
			path = weather_appTests;
			sourceTree = "<group>";
		};
		C5DC98422B228ABD002558EF /* weather_appUITests */ = {
			isa = PBXGroup;
			children = (
				C5DC98432B228ABD002558EF /* weather_appUITests.swift */,
				C5DC98452B228ABD002558EF /* weather_appUITestsLaunchTests.swift */,
			);
			path = weather_appUITests;
			sourceTree = "<group>";
		};
/* End PBXGroup section */

/* Begin PBXNativeTarget section */
		C5DC98222B228ABC002558EF /* weather_app */ = {
			isa = PBXNativeTarget;
			buildConfigurationList = C5DC98492B228ABD002558EF /* Build configuration list for PBXNativeTarget "weather_app" */;
			buildPhases = (
				C5DC981F2B228ABC002558EF /* Sources */,
				C5DC98202B228ABC002558EF /* Frameworks */,
				C5DC98212B228ABC002558EF /* Resources */,
			);
			buildRules = (
			);
			dependencies = (
			);
			name = weather_app;
			productName = weather_app;
			productReference = C5DC98232B228ABC002558EF /* weather_app.app */;
			productType = "com.apple.product-type.application";
		};
		C5DC98342B228ABD002558EF /* weather_appTests */ = {
			isa = PBXNativeTarget;
			buildConfigurationList = C5DC984C2B228ABD002558EF /* Build configuration list for PBXNativeTarget "weather_appTests" */;
			buildPhases = (
				C5DC98312B228ABD002558EF /* Sources */,
				C5DC98322B228ABD002558EF /* Frameworks */,
				C5DC98332B228ABD002558EF /* Resources */,
			);
			buildRules = (
			);
			dependencies = (
				C5DC98372B228ABD002558EF /* PBXTargetDependency */,
			);
			name = weather_appTests;
			productName = weather_appTests;
			productReference = C5DC98352B228ABD002558EF /* weather_appTests.xctest */;
			productType = "com.apple.product-type.bundle.unit-test";
		};
		C5DC983E2B228ABD002558EF /* weather_appUITests */ = {
			isa = PBXNativeTarget;
			buildConfigurationList = C5DC984F2B228ABD002558EF /* Build configuration list for PBXNativeTarget "weather_appUITests" */;
			buildPhases = (
				C5DC983B2B228ABD002558EF /* Sources */,
				C5DC983C2B228ABD002558EF /* Frameworks */,
				C5DC983D2B228ABD002558EF /* Resources */,
			);
			buildRules = (
			);
			dependencies = (
				C5DC98412B228ABD002558EF /* PBXTargetDependency */,
			);
			name = weather_appUITests;
			productName = weather_appUITests;
			productReference = C5DC983F2B228ABD002558EF /* weather_appUITests.xctest */;
			productType = "com.apple.product-type.bundle.ui-testing";
		};
/* End PBXNativeTarget section */

/* Begin PBXProject section */
		C5DC981B2B228ABC002558EF /* Project object */ = {
			isa = PBXProject;
			attributes = {
				BuildIndependentTargetsInParallel = 1;
				LastSwiftUpdateCheck = 1500;
				LastUpgradeCheck = 1500;
				TargetAttributes = {
					C5DC98222B228ABC002558EF = {
						CreatedOnToolsVersion = 15.0;
					};
					C5DC98342B228ABD002558EF = {
						CreatedOnToolsVersion = 15.0;
						TestTargetID = C5DC98222B228ABC002558EF;
					};
					C5DC983E2B228ABD002558EF = {
						CreatedOnToolsVersion = 15.0;
						TestTargetID = C5DC98222B228ABC002558EF;
					};
				};
			};
			buildConfigurationList = C5DC981E2B228ABC002558EF /* Build configuration list for PBXProject "weather_app" */;
			compatibilityVersion = "Xcode 14.0";
			developmentRegion = en;
			hasScannedForEncodings = 0;
			knownRegions = (
				en,
				Base,
			);
			mainGroup = C5DC981A2B228ABC002558EF;
			productRefGroup = C5DC98242B228ABC002558EF /* Products */;
			projectDirPath = "";
			projectRoot = "";
			targets = (
				C5DC98222B228ABC002558EF /* weather_app */,
				C5DC98342B228ABD002558EF /* weather_appTests */,
				C5DC983E2B228ABD002558EF /* weather_appUITests */,
			);
		};
/* End PBXProject section */

/* Begin PBXResourcesBuildPhase section */
		C5DC98212B228ABC002558EF /* Resources */ = {
			isa = PBXResourcesBuildPhase;
			buildActionMask = 2147483647;
			files = (
				C5DC98302B228ABD002558EF /* Preview Assets.xcassets in Resources */,
				C5DC982D2B228ABD002558EF /* Assets.xcassets in Resources */,
			);
			runOnlyForDeploymentPostprocessing = 0;
		};
		C5DC98332B228ABD002558EF /* Resources */ = {
			isa = PBXResourcesBuildPhase;
			buildActionMask = 2147483647;
			files = (
			);
			runOnlyForDeploymentPostprocessing = 0;
		};
		C5DC983D2B228ABD002558EF /* Resources */ = {
			isa = PBXResourcesBuildPhase;
			buildActionMask = 2147483647;
			files = (
			);
			runOnlyForDeploymentPostprocessing = 0;
		};
/* End PBXResourcesBuildPhase section */

/* Begin PBXSourcesBuildPhase section */
		C5DC981F2B228ABC002558EF /* Sources */ = {
			isa = PBXSourcesBuildPhase;
			buildActionMask = 2147483647;
			files = (
				C54269EC2B291F1B009F2AEF /* ConvertorTemp.swift in Sources */,
				C54269F12B293019009F2AEF /* HourlyItem.swift in Sources */,
				C54269F52B293D74009F2AEF /* DailyView.swift in Sources */,
				C52360CF2B24B6D7006FDF9F /* CurrentWeatherDataModel.swift in Sources */,
				C52360E42B2530AF006FDF9F /* ForcastWeatherUseCase.swift in Sources */,
				C599E6AD2B2A5789007D88F3 /* SearchBar.swift in Sources */,
				C52360D32B24B858006FDF9F /* Repository_Impl.swift in Sources */,
				C5DC98292B228ABC002558EF /* ContentView.swift in Sources */,
				C599E6B22B2A8258007D88F3 /* SearchView.swift in Sources */,
				C564BA892B28D81600A8ABFC /* Home.swift in Sources */,
				C52360E62B25316E006FDF9F /* SearchWeatherUseCase.swift in Sources */,
				C564BA862B28BFE600A8ABFC /* UserLocation.swift in Sources */,
				C5DC982B2B228ABC002558EF /* Item.swift in Sources */,
				C52360DE2B24C3F1006FDF9F /* MainWeatherUIView.swift in Sources */,
				C52360D82B24BE3C006FDF9F /* CurrentWeatherUseCase.swift in Sources */,
				C52360CD2B24B225006FDF9F /* ErrorHandler.swift in Sources */,
				C52360D12B24B739006FDF9F /* IRepository.swift in Sources */,
				C52360CA2B24B1A5006FDF9F /* HttpHandler.swift in Sources */,
				C52360E02B25279D006FDF9F /* ForcastWeatherModel.swift in Sources */,
				C599E6B52B2A84C9007D88F3 /* CityDetailView.swift in Sources */,
				C5DC98272B228ABC002558EF /* weather_appApp.swift in Sources */,
				C52360D62B24B9C0006FDF9F /* Const.swift in Sources */,
				C54269EA2B290E8A009F2AEF /* BlurView.swift in Sources */,
				C599E6AF2B2A5B1B007D88F3 /* SearchViewModel.swift in Sources */,
				C54269EF2B2927EB009F2AEF /* HourlyView.swift in Sources */,
				C52360E22B252999006FDF9F /* SearchWeatherModel.swift in Sources */,
				C569ED4F2B2BBD1D00623FB6 /* DetailWeatherViewModel.swift in Sources */,
				C52360DC2B24BF89006FDF9F /* CurrentViewModel.swift in Sources */,
			);
			runOnlyForDeploymentPostprocessing = 0;
		};
		C5DC98312B228ABD002558EF /* Sources */ = {
			isa = PBXSourcesBuildPhase;
			buildActionMask = 2147483647;
			files = (
				C5DC983A2B228ABD002558EF /* weather_appTests.swift in Sources */,
			);
			runOnlyForDeploymentPostprocessing = 0;
		};
		C5DC983B2B228ABD002558EF /* Sources */ = {
			isa = PBXSourcesBuildPhase;
			buildActionMask = 2147483647;
			files = (
				C5DC98442B228ABD002558EF /* weather_appUITests.swift in Sources */,
				C5DC98462B228ABD002558EF /* weather_appUITestsLaunchTests.swift in Sources */,
			);
			runOnlyForDeploymentPostprocessing = 0;
		};
/* End PBXSourcesBuildPhase section */

/* Begin PBXTargetDependency section */
		C5DC98372B228ABD002558EF /* PBXTargetDependency */ = {
			isa = PBXTargetDependency;
			target = C5DC98222B228ABC002558EF /* weather_app */;
			targetProxy = C5DC98362B228ABD002558EF /* PBXContainerItemProxy */;
		};
		C5DC98412B228ABD002558EF /* PBXTargetDependency */ = {
			isa = PBXTargetDependency;
			target = C5DC98222B228ABC002558EF /* weather_app */;
			targetProxy = C5DC98402B228ABD002558EF /* PBXContainerItemProxy */;
		};
/* End PBXTargetDependency section */

/* Begin XCBuildConfiguration section */
		C5DC98472B228ABD002558EF /* Debug */ = {
			isa = XCBuildConfiguration;
			buildSettings = {
				ALWAYS_SEARCH_USER_PATHS = NO;
				ASSETCATALOG_COMPILER_GENERATE_SWIFT_ASSET_SYMBOL_EXTENSIONS = YES;
				CLANG_ANALYZER_NONNULL = YES;
				CLANG_ANALYZER_NUMBER_OBJECT_CONVERSION = YES_AGGRESSIVE;
				CLANG_CXX_LANGUAGE_STANDARD = "gnu++20";
				CLANG_ENABLE_MODULES = YES;
				CLANG_ENABLE_OBJC_ARC = YES;
				CLANG_ENABLE_OBJC_WEAK = YES;
				CLANG_WARN_BLOCK_CAPTURE_AUTORELEASING = YES;
				CLANG_WARN_BOOL_CONVERSION = YES;
				CLANG_WARN_COMMA = YES;
				CLANG_WARN_CONSTANT_CONVERSION = YES;
				CLANG_WARN_DEPRECATED_OBJC_IMPLEMENTATIONS = YES;
				CLANG_WARN_DIRECT_OBJC_ISA_USAGE = YES_ERROR;
				CLANG_WARN_DOCUMENTATION_COMMENTS = YES;
				CLANG_WARN_EMPTY_BODY = YES;
				CLANG_WARN_ENUM_CONVERSION = YES;
				CLANG_WARN_INFINITE_RECURSION = YES;
				CLANG_WARN_INT_CONVERSION = YES;
				CLANG_WARN_NON_LITERAL_NULL_CONVERSION = YES;
				CLANG_WARN_OBJC_IMPLICIT_RETAIN_SELF = YES;
				CLANG_WARN_OBJC_LITERAL_CONVERSION = YES;
				CLANG_WARN_OBJC_ROOT_CLASS = YES_ERROR;
				CLANG_WARN_QUOTED_INCLUDE_IN_FRAMEWORK_HEADER = YES;
				CLANG_WARN_RANGE_LOOP_ANALYSIS = YES;
				CLANG_WARN_STRICT_PROTOTYPES = YES;
				CLANG_WARN_SUSPICIOUS_MOVE = YES;
				CLANG_WARN_UNGUARDED_AVAILABILITY = YES_AGGRESSIVE;
				CLANG_WARN_UNREACHABLE_CODE = YES;
				CLANG_WARN__DUPLICATE_METHOD_MATCH = YES;
				COPY_PHASE_STRIP = NO;
				DEBUG_INFORMATION_FORMAT = dwarf;
				ENABLE_STRICT_OBJC_MSGSEND = YES;
				ENABLE_TESTABILITY = YES;
				ENABLE_USER_SCRIPT_SANDBOXING = YES;
				GCC_C_LANGUAGE_STANDARD = gnu17;
				GCC_DYNAMIC_NO_PIC = NO;
				GCC_NO_COMMON_BLOCKS = YES;
				GCC_OPTIMIZATION_LEVEL = 0;
				GCC_PREPROCESSOR_DEFINITIONS = (
					"DEBUG=1",
					"$(inherited)",
				);
				GCC_WARN_64_TO_32_BIT_CONVERSION = YES;
				GCC_WARN_ABOUT_RETURN_TYPE = YES_ERROR;
				GCC_WARN_UNDECLARED_SELECTOR = YES;
				GCC_WARN_UNINITIALIZED_AUTOS = YES_AGGRESSIVE;
				GCC_WARN_UNUSED_FUNCTION = YES;
				GCC_WARN_UNUSED_VARIABLE = YES;
				IPHONEOS_DEPLOYMENT_TARGET = 17.0;
				LOCALIZATION_PREFERS_STRING_CATALOGS = YES;
				MTL_ENABLE_DEBUG_INFO = INCLUDE_SOURCE;
				MTL_FAST_MATH = YES;
				ONLY_ACTIVE_ARCH = YES;
				SDKROOT = iphoneos;
				SWIFT_ACTIVE_COMPILATION_CONDITIONS = "DEBUG $(inherited)";
				SWIFT_OPTIMIZATION_LEVEL = "-Onone";
			};
			name = Debug;
		};
		C5DC98482B228ABD002558EF /* Release */ = {
			isa = XCBuildConfiguration;
			buildSettings = {
				ALWAYS_SEARCH_USER_PATHS = NO;
				ASSETCATALOG_COMPILER_GENERATE_SWIFT_ASSET_SYMBOL_EXTENSIONS = YES;
				CLANG_ANALYZER_NONNULL = YES;
				CLANG_ANALYZER_NUMBER_OBJECT_CONVERSION = YES_AGGRESSIVE;
				CLANG_CXX_LANGUAGE_STANDARD = "gnu++20";
				CLANG_ENABLE_MODULES = YES;
				CLANG_ENABLE_OBJC_ARC = YES;
				CLANG_ENABLE_OBJC_WEAK = YES;
				CLANG_WARN_BLOCK_CAPTURE_AUTORELEASING = YES;
				CLANG_WARN_BOOL_CONVERSION = YES;
				CLANG_WARN_COMMA = YES;
				CLANG_WARN_CONSTANT_CONVERSION = YES;
				CLANG_WARN_DEPRECATED_OBJC_IMPLEMENTATIONS = YES;
				CLANG_WARN_DIRECT_OBJC_ISA_USAGE = YES_ERROR;
				CLANG_WARN_DOCUMENTATION_COMMENTS = YES;
				CLANG_WARN_EMPTY_BODY = YES;
				CLANG_WARN_ENUM_CONVERSION = YES;
				CLANG_WARN_INFINITE_RECURSION = YES;
				CLANG_WARN_INT_CONVERSION = YES;
				CLANG_WARN_NON_LITERAL_NULL_CONVERSION = YES;
				CLANG_WARN_OBJC_IMPLICIT_RETAIN_SELF = YES;
				CLANG_WARN_OBJC_LITERAL_CONVERSION = YES;
				CLANG_WARN_OBJC_ROOT_CLASS = YES_ERROR;
				CLANG_WARN_QUOTED_INCLUDE_IN_FRAMEWORK_HEADER = YES;
				CLANG_WARN_RANGE_LOOP_ANALYSIS = YES;
				CLANG_WARN_STRICT_PROTOTYPES = YES;
				CLANG_WARN_SUSPICIOUS_MOVE = YES;
				CLANG_WARN_UNGUARDED_AVAILABILITY = YES_AGGRESSIVE;
				CLANG_WARN_UNREACHABLE_CODE = YES;
				CLANG_WARN__DUPLICATE_METHOD_MATCH = YES;
				COPY_PHASE_STRIP = NO;
				DEBUG_INFORMATION_FORMAT = "dwarf-with-dsym";
				ENABLE_NS_ASSERTIONS = NO;
				ENABLE_STRICT_OBJC_MSGSEND = YES;
				ENABLE_USER_SCRIPT_SANDBOXING = YES;
				GCC_C_LANGUAGE_STANDARD = gnu17;
				GCC_NO_COMMON_BLOCKS = YES;
				GCC_WARN_64_TO_32_BIT_CONVERSION = YES;
				GCC_WARN_ABOUT_RETURN_TYPE = YES_ERROR;
				GCC_WARN_UNDECLARED_SELECTOR = YES;
				GCC_WARN_UNINITIALIZED_AUTOS = YES_AGGRESSIVE;
				GCC_WARN_UNUSED_FUNCTION = YES;
				GCC_WARN_UNUSED_VARIABLE = YES;
				IPHONEOS_DEPLOYMENT_TARGET = 17.0;
				LOCALIZATION_PREFERS_STRING_CATALOGS = YES;
				MTL_ENABLE_DEBUG_INFO = NO;
				MTL_FAST_MATH = YES;
				SDKROOT = iphoneos;
				SWIFT_COMPILATION_MODE = wholemodule;
				VALIDATE_PRODUCT = YES;
			};
			name = Release;
		};
		C5DC984A2B228ABD002558EF /* Debug */ = {
			isa = XCBuildConfiguration;
			buildSettings = {
				ASSETCATALOG_COMPILER_APPICON_NAME = AppIcon;
				ASSETCATALOG_COMPILER_GLOBAL_ACCENT_COLOR_NAME = AccentColor;
				CODE_SIGN_STYLE = Automatic;
				CURRENT_PROJECT_VERSION = 1;
				DEVELOPMENT_ASSET_PATHS = "\"weather_app/Preview Content\"";
				DEVELOPMENT_TEAM = KT682HX492;
				ENABLE_PREVIEWS = YES;
				GENERATE_INFOPLIST_FILE = YES;
				INFOPLIST_KEY_NSLocationAlwaysAndWhenInUseUsageDescription = "";
				INFOPLIST_KEY_NSLocationAlwaysUsageDescription = "";
				INFOPLIST_KEY_NSLocationWhenInUseUsageDescription = "";
				INFOPLIST_KEY_UIApplicationSceneManifest_Generation = YES;
				INFOPLIST_KEY_UIApplicationSupportsIndirectInputEvents = YES;
				INFOPLIST_KEY_UILaunchScreen_Generation = YES;
				INFOPLIST_KEY_UISupportedInterfaceOrientations_iPad = "UIInterfaceOrientationPortrait UIInterfaceOrientationPortraitUpsideDown UIInterfaceOrientationLandscapeLeft UIInterfaceOrientationLandscapeRight";
				INFOPLIST_KEY_UISupportedInterfaceOrientations_iPhone = "UIInterfaceOrientationPortrait UIInterfaceOrientationLandscapeLeft UIInterfaceOrientationLandscapeRight";
				LD_RUNPATH_SEARCH_PATHS = (
					"$(inherited)",
					"@executable_path/Frameworks",
				);
				MARKETING_VERSION = 1.0;
				PRODUCT_BUNDLE_IDENTIFIER = "com.test.weather-app";
				PRODUCT_NAME = "$(TARGET_NAME)";
				SWIFT_EMIT_LOC_STRINGS = YES;
				SWIFT_VERSION = 5.0;
				TARGETED_DEVICE_FAMILY = "1,2";
			};
			name = Debug;
		};
		C5DC984B2B228ABD002558EF /* Release */ = {
			isa = XCBuildConfiguration;
			buildSettings = {
				ASSETCATALOG_COMPILER_APPICON_NAME = AppIcon;
				ASSETCATALOG_COMPILER_GLOBAL_ACCENT_COLOR_NAME = AccentColor;
				CODE_SIGN_STYLE = Automatic;
				CURRENT_PROJECT_VERSION = 1;
				DEVELOPMENT_ASSET_PATHS = "\"weather_app/Preview Content\"";
				DEVELOPMENT_TEAM = KT682HX492;
				ENABLE_PREVIEWS = YES;
				GENERATE_INFOPLIST_FILE = YES;
				INFOPLIST_KEY_NSLocationAlwaysAndWhenInUseUsageDescription = "";
				INFOPLIST_KEY_NSLocationAlwaysUsageDescription = "";
				INFOPLIST_KEY_NSLocationWhenInUseUsageDescription = "";
				INFOPLIST_KEY_UIApplicationSceneManifest_Generation = YES;
				INFOPLIST_KEY_UIApplicationSupportsIndirectInputEvents = YES;
				INFOPLIST_KEY_UILaunchScreen_Generation = YES;
				INFOPLIST_KEY_UISupportedInterfaceOrientations_iPad = "UIInterfaceOrientationPortrait UIInterfaceOrientationPortraitUpsideDown UIInterfaceOrientationLandscapeLeft UIInterfaceOrientationLandscapeRight";
				INFOPLIST_KEY_UISupportedInterfaceOrientations_iPhone = "UIInterfaceOrientationPortrait UIInterfaceOrientationLandscapeLeft UIInterfaceOrientationLandscapeRight";
				LD_RUNPATH_SEARCH_PATHS = (
					"$(inherited)",
					"@executable_path/Frameworks",
				);
				MARKETING_VERSION = 1.0;
				PRODUCT_BUNDLE_IDENTIFIER = "com.test.weather-app";
				PRODUCT_NAME = "$(TARGET_NAME)";
				SWIFT_EMIT_LOC_STRINGS = YES;
				SWIFT_VERSION = 5.0;
				TARGETED_DEVICE_FAMILY = "1,2";
			};
			name = Release;
		};
		C5DC984D2B228ABD002558EF /* Debug */ = {
			isa = XCBuildConfiguration;
			buildSettings = {
				ALWAYS_EMBED_SWIFT_STANDARD_LIBRARIES = YES;
				BUNDLE_LOADER = "$(TEST_HOST)";
				CODE_SIGN_STYLE = Automatic;
				CURRENT_PROJECT_VERSION = 1;
				DEVELOPMENT_TEAM = KT682HX492;
				GENERATE_INFOPLIST_FILE = YES;
				IPHONEOS_DEPLOYMENT_TARGET = 17.0;
				MARKETING_VERSION = 1.0;
				PRODUCT_BUNDLE_IDENTIFIER = "com.test.weather-appTests";
				PRODUCT_NAME = "$(TARGET_NAME)";
				SWIFT_EMIT_LOC_STRINGS = NO;
				SWIFT_VERSION = 5.0;
				TARGETED_DEVICE_FAMILY = "1,2";
				TEST_HOST = "$(BUILT_PRODUCTS_DIR)/weather_app.app/$(BUNDLE_EXECUTABLE_FOLDER_PATH)/weather_app";
			};
			name = Debug;
		};
		C5DC984E2B228ABD002558EF /* Release */ = {
			isa = XCBuildConfiguration;
			buildSettings = {
				ALWAYS_EMBED_SWIFT_STANDARD_LIBRARIES = YES;
				BUNDLE_LOADER = "$(TEST_HOST)";
				CODE_SIGN_STYLE = Automatic;
				CURRENT_PROJECT_VERSION = 1;
				DEVELOPMENT_TEAM = KT682HX492;
				GENERATE_INFOPLIST_FILE = YES;
				IPHONEOS_DEPLOYMENT_TARGET = 17.0;
				MARKETING_VERSION = 1.0;
				PRODUCT_BUNDLE_IDENTIFIER = "com.test.weather-appTests";
				PRODUCT_NAME = "$(TARGET_NAME)";
				SWIFT_EMIT_LOC_STRINGS = NO;
				SWIFT_VERSION = 5.0;
				TARGETED_DEVICE_FAMILY = "1,2";
				TEST_HOST = "$(BUILT_PRODUCTS_DIR)/weather_app.app/$(BUNDLE_EXECUTABLE_FOLDER_PATH)/weather_app";
			};
			name = Release;
		};
		C5DC98502B228ABD002558EF /* Debug */ = {
			isa = XCBuildConfiguration;
			buildSettings = {
				ALWAYS_EMBED_SWIFT_STANDARD_LIBRARIES = YES;
				CODE_SIGN_STYLE = Automatic;
				CURRENT_PROJECT_VERSION = 1;
				DEVELOPMENT_TEAM = KT682HX492;
				GENERATE_INFOPLIST_FILE = YES;
				MARKETING_VERSION = 1.0;
				PRODUCT_BUNDLE_IDENTIFIER = "com.test.weather-appUITests";
				PRODUCT_NAME = "$(TARGET_NAME)";
				SWIFT_EMIT_LOC_STRINGS = NO;
				SWIFT_VERSION = 5.0;
				TARGETED_DEVICE_FAMILY = "1,2";
				TEST_TARGET_NAME = weather_app;
			};
			name = Debug;
		};
		C5DC98512B228ABD002558EF /* Release */ = {
			isa = XCBuildConfiguration;
			buildSettings = {
				ALWAYS_EMBED_SWIFT_STANDARD_LIBRARIES = YES;
				CODE_SIGN_STYLE = Automatic;
				CURRENT_PROJECT_VERSION = 1;
				DEVELOPMENT_TEAM = KT682HX492;
				GENERATE_INFOPLIST_FILE = YES;
				MARKETING_VERSION = 1.0;
				PRODUCT_BUNDLE_IDENTIFIER = "com.test.weather-appUITests";
				PRODUCT_NAME = "$(TARGET_NAME)";
				SWIFT_EMIT_LOC_STRINGS = NO;
				SWIFT_VERSION = 5.0;
				TARGETED_DEVICE_FAMILY = "1,2";
				TEST_TARGET_NAME = weather_app;
			};
			name = Release;
		};
/* End XCBuildConfiguration section */

/* Begin XCConfigurationList section */
		C5DC981E2B228ABC002558EF /* Build configuration list for PBXProject "weather_app" */ = {
			isa = XCConfigurationList;
			buildConfigurations = (
				C5DC98472B228ABD002558EF /* Debug */,
				C5DC98482B228ABD002558EF /* Release */,
			);
			defaultConfigurationIsVisible = 0;
			defaultConfigurationName = Release;
		};
		C5DC98492B228ABD002558EF /* Build configuration list for PBXNativeTarget "weather_app" */ = {
			isa = XCConfigurationList;
			buildConfigurations = (
				C5DC984A2B228ABD002558EF /* Debug */,
				C5DC984B2B228ABD002558EF /* Release */,
			);
			defaultConfigurationIsVisible = 0;
			defaultConfigurationName = Release;
		};
		C5DC984C2B228ABD002558EF /* Build configuration list for PBXNativeTarget "weather_appTests" */ = {
			isa = XCConfigurationList;
			buildConfigurations = (
				C5DC984D2B228ABD002558EF /* Debug */,
				C5DC984E2B228ABD002558EF /* Release */,
			);
			defaultConfigurationIsVisible = 0;
			defaultConfigurationName = Release;
		};
		C5DC984F2B228ABD002558EF /* Build configuration list for PBXNativeTarget "weather_appUITests" */ = {
			isa = XCConfigurationList;
			buildConfigurations = (
				C5DC98502B228ABD002558EF /* Debug */,
				C5DC98512B228ABD002558EF /* Release */,
			);
			defaultConfigurationIsVisible = 0;
			defaultConfigurationName = Release;
		};
/* End XCConfigurationList section */
	};
	rootObject = C5DC981B2B228ABC002558EF /* Project object */;
}
